Microsoft Visual Studio Solution File, Format Version 12.00
# Visual Studio Version 17
VisualStudioVersion = 17.5.2.0
MinimumVisualStudioVersion = 10.0.40219.1
Project("{FAE04EC0-301F-11D3-BF4B-00C04F79EFBC}") = "Ecommerce", "Ecommerce\Ecommerce.csproj", "{D2DE9198-E1FC-43F8-262A-6F69B819A4BD}"
EndProject
Global
	GlobalSection(SolutionConfigurationPlatforms) = preSolution
		Debug|Any CPU = Debug|Any CPU
		Release|Any CPU = Release|Any CPU
	EndGlobalSection
	GlobalSection(ProjectConfigurationPlatforms) = postSolution
		{D2DE9198-E1FC-43F8-262A-6F69B819A4BD}.Debug|Any CPU.ActiveCfg = Debug|Any CPU
		{D2DE9198-E1FC-43F8-262A-6F69B819A4BD}.Debug|Any CPU.Build.0 = Debug|Any CPU
		{D2DE9198-E1FC-43F8-262A-6F69B819A4BD}.Release|Any CPU.ActiveCfg = Release|Any CPU
		{D2DE9198-E1FC-43F8-262A-6F69B819A4BD}.Release|Any CPU.Build.0 = Release|Any CPU
	EndGlobalSection
	GlobalSection(SolutionProperties) = preSolution
		HideSolutionNode = FALSE
	EndGlobalSection
	GlobalSection(ExtensibilityGlobals) = postSolution
		SolutionGuid = {A784AD7A-1A0F-46C1-8060-D995ED411410}
	EndGlobalSection
EndGlobal
